// !$*UTF8*$!
{
	archiveVersion = 1;
	classes = {
	};
	objectVersion = 46;
	objects = {

/* Begin PBXBuildFile section */
		81179E621DF4CF60002F72ED /* airhorn.mp3 in Resources */ = {isa = PBXBuildFile; fileRef = 81179E611DF4CF60002F72ED /* airhorn.mp3 */; };
		81179E681DF4CF9E002F72ED /* (Kick) FSMH1.mp3 in Resources */ = {isa = PBXBuildFile; fileRef = 81179E631DF4CF9E002F72ED /* (Kick) FSMH1.mp3 */; };
		81179E691DF4CF9E002F72ED /* [Snr] BEAUTIFUL MORNIN.mp3 in Resources */ = {isa = PBXBuildFile; fileRef = 81179E641DF4CF9E002F72ED /* [Snr] BEAUTIFUL MORNIN.mp3 */; };
		81179E6A1DF4CF9E002F72ED /* [VOX] BBB4U Quickie.mp3 in Resources */ = {isa = PBXBuildFile; fileRef = 81179E651DF4CF9E002F72ED /* [VOX] BBB4U Quickie.mp3 */; };
		81179E6B1DF4CF9E002F72ED /* 100.mp3 in Resources */ = {isa = PBXBuildFile; fileRef = 81179E661DF4CF9E002F72ED /* 100.mp3 */; };
		81179E6C1DF4CF9E002F72ED /* Air_funk.mp3 in Resources */ = {isa = PBXBuildFile; fileRef = 81179E671DF4CF9E002F72ED /* Air_funk.mp3 */; };
		81179E951DF4CFA8002F72ED /* another-one.mp3 in Resources */ = {isa = PBXBuildFile; fileRef = 81179E6D1DF4CFA8002F72ED /* another-one.mp3 */; };
		81179E961DF4CFA8002F72ED /* BALTIMOR.mp3 in Resources */ = {isa = PBXBuildFile; fileRef = 81179E6E1DF4CFA8002F72ED /* BALTIMOR.mp3 */; };
		81179E971DF4CFA8002F72ED /* Caddy_ki.mp3 in Resources */ = {isa = PBXBuildFile; fileRef = 81179E6F1DF4CFA8002F72ED /* Caddy_ki.mp3 */; };
		81179E981DF4CFA8002F72ED /* chop1.mp3 in Resources */ = {isa = PBXBuildFile; fileRef = 81179E701DF4CFA8002F72ED /* chop1.mp3 */; };
		81179E991DF4CFA8002F72ED /* chop2.mp3 in Resources */ = {isa = PBXBuildFile; fileRef = 81179E711DF4CFA8002F72ED /* chop2.mp3 */; };
		81179E9A1DF4CFA8002F72ED /* chop4.mp3 in Resources */ = {isa = PBXBuildFile; fileRef = 81179E721DF4CFA8002F72ED /* chop4.mp3 */; };
		81179E9B1DF4CFA8002F72ED /* clap.mp3 in Resources */ = {isa = PBXBuildFile; fileRef = 81179E731DF4CFA8002F72ED /* clap.mp3 */; };
		81179E9C1DF4CFA8002F72ED /* crash.mp3 in Resources */ = {isa = PBXBuildFile; fileRef = 81179E741DF4CFA8002F72ED /* crash.mp3 */; };
		81179E9D1DF4CFA8002F72ED /* crash1.mp3 in Resources */ = {isa = PBXBuildFile; fileRef = 81179E751DF4CFA8002F72ED /* crash1.mp3 */; };
		81179E9E1DF4CFA8002F72ED /* Doggiek.mp3 in Resources */ = {isa = PBXBuildFile; fileRef = 81179E761DF4CFA8002F72ED /* Doggiek.mp3 */; };
		81179E9F1DF4CFA8002F72ED /* explore_clap.mp3 in Resources */ = {isa = PBXBuildFile; fileRef = 81179E771DF4CFA8002F72ED /* explore_clap.mp3 */; };
		81179EA01DF4CFA8002F72ED /* explore_fx.mp3 in Resources */ = {isa = PBXBuildFile; fileRef = 81179E781DF4CFA8002F72ED /* explore_fx.mp3 */; };
		81179EA11DF4CFA8002F72ED /* explore_kick_1.mp3 in Resources */ = {isa = PBXBuildFile; fileRef = 81179E791DF4CFA8002F72ED /* explore_kick_1.mp3 */; };
		81179EA21DF4CFA8002F72ED /* explore_kick_2.mp3 in Resources */ = {isa = PBXBuildFile; fileRef = 81179E7A1DF4CFA8002F72ED /* explore_kick_2.mp3 */; };
		81179EA31DF4CFA8002F72ED /* explore_kick_3.mp3 in Resources */ = {isa = PBXBuildFile; fileRef = 81179E7B1DF4CFA8002F72ED /* explore_kick_3.mp3 */; };
		81179EA41DF4CFA8002F72ED /* explore_perc.mp3 in Resources */ = {isa = PBXBuildFile; fileRef = 81179E7C1DF4CFA8002F72ED /* explore_perc.mp3 */; };
		81179EA51DF4CFA8002F72ED /* explore_snap1.mp3 in Resources */ = {isa = PBXBuildFile; fileRef = 81179E7D1DF4CFA8002F72ED /* explore_snap1.mp3 */; };
		81179EA61DF4CFA8002F72ED /* explore_snap2.mp3 in Resources */ = {isa = PBXBuildFile; fileRef = 81179E7E1DF4CFA8002F72ED /* explore_snap2.mp3 */; };
		81179EA71DF4CFA8002F72ED /* explore_snare1.mp3 in Resources */ = {isa = PBXBuildFile; fileRef = 81179E7F1DF4CFA8002F72ED /* explore_snare1.mp3 */; };
		81179EA81DF4CFA8002F72ED /* explore_snare2.mp3 in Resources */ = {isa = PBXBuildFile; fileRef = 81179E801DF4CFA8002F72ED /* explore_snare2.mp3 */; };
		81179EA91DF4CFA8002F72ED /* explore_snare3.mp3 in Resources */ = {isa = PBXBuildFile; fileRef = 81179E811DF4CFA8002F72ED /* explore_snare3.mp3 */; };
		81179EAA1DF4CFA9002F72ED /* fatkick.mp3 in Resources */ = {isa = PBXBuildFile; fileRef = 81179E821DF4CFA8002F72ED /* fatkick.mp3 */; };
		81179EAB1DF4CFA9002F72ED /* FX9.mp3 in Resources */ = {isa = PBXBuildFile; fileRef = 81179E831DF4CFA8002F72ED /* FX9.mp3 */; };
		81179EAC1DF4CFA9002F72ED /* Glitch_Hop_Kick05.mp3 in Resources */ = {isa = PBXBuildFile; fileRef = 81179E841DF4CFA8002F72ED /* Glitch_Hop_Kick05.mp3 */; };
		81179EAD1DF4CFA9002F72ED /* haan.mp3 in Resources */ = {isa = PBXBuildFile; fileRef = 81179E851DF4CFA8002F72ED /* haan.mp3 */; };
		81179EAE1DF4CFA9002F72ED /* hey.mp3 in Resources */ = {isa = PBXBuildFile; fileRef = 81179E861DF4CFA8002F72ED /* hey.mp3 */; };
		81179EAF1DF4CFA9002F72ED /* hh1.mp3 in Resources */ = {isa = PBXBuildFile; fileRef = 81179E871DF4CFA8002F72ED /* hh1.mp3 */; };
		81179EB01DF4CFA9002F72ED /* hh2.mp3 in Resources */ = {isa = PBXBuildFile; fileRef = 81179E881DF4CFA8002F72ED /* hh2.mp3 */; };
		81179EB11DF4CFA9002F72ED /* hih1.mp3 in Resources */ = {isa = PBXBuildFile; fileRef = 81179E891DF4CFA8002F72ED /* hih1.mp3 */; };
		81179EB21DF4CFA9002F72ED /* hih2.mp3 in Resources */ = {isa = PBXBuildFile; fileRef = 81179E8A1DF4CFA8002F72ED /* hih2.mp3 */; };
		81179EB31DF4CFA9002F72ED /* ironside.mp3 in Resources */ = {isa = PBXBuildFile; fileRef = 81179E8B1DF4CFA8002F72ED /* ironside.mp3 */; };
		81179EB41DF4CFA9002F72ED /* milli.mp3 in Resources */ = {isa = PBXBuildFile; fileRef = 81179E8C1DF4CFA8002F72ED /* milli.mp3 */; };
		81179EB51DF4CFA9002F72ED /* montana.mp3 in Resources */ = {isa = PBXBuildFile; fileRef = 81179E8D1DF4CFA8002F72ED /* montana.mp3 */; };
		81179EB61DF4CFA9002F72ED /* Ohiokic.mp3 in Resources */ = {isa = PBXBuildFile; fileRef = 81179E8E1DF4CFA8002F72ED /* Ohiokic.mp3 */; };
		81179EB71DF4CFA9002F72ED /* Perfect.mp3 in Resources */ = {isa = PBXBuildFile; fileRef = 81179E8F1DF4CFA8002F72ED /* Perfect.mp3 */; };
		81179EB81DF4CFA9002F72ED /* s3.mp3 in Resources */ = {isa = PBXBuildFile; fileRef = 81179E901DF4CFA8002F72ED /* s3.mp3 */; };
		81179EB91DF4CFA9002F72ED /* shout.mp3 in Resources */ = {isa = PBXBuildFile; fileRef = 81179E911DF4CFA8002F72ED /* shout.mp3 */; };
		81179EBA1DF4CFA9002F72ED /* Sound192.mp3 in Resources */ = {isa = PBXBuildFile; fileRef = 81179E921DF4CFA8002F72ED /* Sound192.mp3 */; };
		81179EBB1DF4CFA9002F72ED /* tightsnare.mp3 in Resources */ = {isa = PBXBuildFile; fileRef = 81179E931DF4CFA8002F72ED /* tightsnare.mp3 */; };
		81179EBC1DF4CFA9002F72ED /* zap1.mp3 in Resources */ = {isa = PBXBuildFile; fileRef = 81179E941DF4CFA8002F72ED /* zap1.mp3 */; };
		8176F2671DECBEBA0057FF39 /* AppDelegate.swift in Sources */ = {isa = PBXBuildFile; fileRef = 8176F2661DECBEBA0057FF39 /* AppDelegate.swift */; };
		8176F2691DECBEBA0057FF39 /* FirstViewController.swift in Sources */ = {isa = PBXBuildFile; fileRef = 8176F2681DECBEBA0057FF39 /* FirstViewController.swift */; };
		8176F26B1DECBEBA0057FF39 /* SecondViewController.swift in Sources */ = {isa = PBXBuildFile; fileRef = 8176F26A1DECBEBA0057FF39 /* SecondViewController.swift */; };
		8176F26E1DECBEBA0057FF39 /* Main.storyboard in Resources */ = {isa = PBXBuildFile; fileRef = 8176F26C1DECBEBA0057FF39 /* Main.storyboard */; };
		8176F2701DECBEBA0057FF39 /* Assets.xcassets in Resources */ = {isa = PBXBuildFile; fileRef = 8176F26F1DECBEBA0057FF39 /* Assets.xcassets */; };
		8176F2731DECBEBA0057FF39 /* LaunchScreen.storyboard in Resources */ = {isa = PBXBuildFile; fileRef = 8176F2711DECBEBA0057FF39 /* LaunchScreen.storyboard */; };
		8176F27C1DECBEF30057FF39 /* Sound.swift in Sources */ = {isa = PBXBuildFile; fileRef = 8176F27A1DECBEF30057FF39 /* Sound.swift */; };
		8176F27D1DECBEF30057FF39 /* SoundBoard.swift in Sources */ = {isa = PBXBuildFile; fileRef = 8176F27B1DECBEF30057FF39 /* SoundBoard.swift */; };
		8185E8D51DF89B1A0041F46C /* SettingsViewController.swift in Sources */ = {isa = PBXBuildFile; fileRef = 8185E8D41DF89B1A0041F46C /* SettingsViewController.swift */; };
		8185E8D71DF89ED70041F46C /* FXChain.swift in Sources */ = {isa = PBXBuildFile; fileRef = 8185E8D61DF89ED70041F46C /* FXChain.swift */; };
		81C58FC91DEF5549007C4C57 /* SoundListView.swift in Sources */ = {isa = PBXBuildFile; fileRef = 81C58FC81DEF5549007C4C57 /* SoundListView.swift */; };
		B7F362251DFDC8ED00F692CB /* AudioKit.framework in Frameworks */ = {isa = PBXBuildFile; fileRef = B7F362241DFDC8ED00F692CB /* AudioKit.framework */; };
		B7F362261DFDC8ED00F692CB /* AudioKit.framework in Embed Frameworks */ = {isa = PBXBuildFile; fileRef = B7F362241DFDC8ED00F692CB /* AudioKit.framework */; settings = {ATTRIBUTES = (CodeSignOnCopy, RemoveHeadersOnCopy, ); }; };
		B7F362291DFDD82900F692CB /* CustomAudioPlayer.swift in Sources */ = {isa = PBXBuildFile; fileRef = B7F362281DFDD82900F692CB /* CustomAudioPlayer.swift */; };
/* End PBXBuildFile section */

/* Begin PBXCopyFilesBuildPhase section */
		B7F362271DFDC8ED00F692CB /* Embed Frameworks */ = {
			isa = PBXCopyFilesBuildPhase;
			buildActionMask = 2147483647;
			dstPath = "";
			dstSubfolderSpec = 10;
			files = (
				B7F362261DFDC8ED00F692CB /* AudioKit.framework in Embed Frameworks */,
			);
			name = "Embed Frameworks";
			runOnlyForDeploymentPostprocessing = 0;
		};
/* End PBXCopyFilesBuildPhase section */

/* Begin PBXFileReference section */
		81179E611DF4CF60002F72ED /* airhorn.mp3 */ = {isa = PBXFileReference; lastKnownFileType = audio.mp3; path = airhorn.mp3; sourceTree = "<group>"; };
		81179E631DF4CF9E002F72ED /* (Kick) FSMH1.mp3 */ = {isa = PBXFileReference; lastKnownFileType = audio.mp3; path = "(Kick) FSMH1.mp3"; sourceTree = "<group>"; };
		81179E641DF4CF9E002F72ED /* [Snr] BEAUTIFUL MORNIN.mp3 */ = {isa = PBXFileReference; lastKnownFileType = audio.mp3; path = "[Snr] BEAUTIFUL MORNIN.mp3"; sourceTree = "<group>"; };
		81179E651DF4CF9E002F72ED /* [VOX] BBB4U Quickie.mp3 */ = {isa = PBXFileReference; lastKnownFileType = audio.mp3; path = "[VOX] BBB4U Quickie.mp3"; sourceTree = "<group>"; };
		81179E661DF4CF9E002F72ED /* 100.mp3 */ = {isa = PBXFileReference; lastKnownFileType = audio.mp3; path = 100.mp3; sourceTree = "<group>"; };
		81179E671DF4CF9E002F72ED /* Air_funk.mp3 */ = {isa = PBXFileReference; lastKnownFileType = audio.mp3; path = Air_funk.mp3; sourceTree = "<group>"; };
		81179E6D1DF4CFA8002F72ED /* another-one.mp3 */ = {isa = PBXFileReference; lastKnownFileType = audio.mp3; path = "another-one.mp3"; sourceTree = "<group>"; };
		81179E6E1DF4CFA8002F72ED /* BALTIMOR.mp3 */ = {isa = PBXFileReference; lastKnownFileType = audio.mp3; path = BALTIMOR.mp3; sourceTree = "<group>"; };
		81179E6F1DF4CFA8002F72ED /* Caddy_ki.mp3 */ = {isa = PBXFileReference; lastKnownFileType = audio.mp3; path = Caddy_ki.mp3; sourceTree = "<group>"; };
		81179E701DF4CFA8002F72ED /* chop1.mp3 */ = {isa = PBXFileReference; lastKnownFileType = audio.mp3; path = chop1.mp3; sourceTree = "<group>"; };
		81179E711DF4CFA8002F72ED /* chop2.mp3 */ = {isa = PBXFileReference; lastKnownFileType = audio.mp3; path = chop2.mp3; sourceTree = "<group>"; };
		81179E721DF4CFA8002F72ED /* chop4.mp3 */ = {isa = PBXFileReference; lastKnownFileType = audio.mp3; path = chop4.mp3; sourceTree = "<group>"; };
		81179E731DF4CFA8002F72ED /* clap.mp3 */ = {isa = PBXFileReference; lastKnownFileType = audio.mp3; path = clap.mp3; sourceTree = "<group>"; };
		81179E741DF4CFA8002F72ED /* crash.mp3 */ = {isa = PBXFileReference; lastKnownFileType = audio.mp3; path = crash.mp3; sourceTree = "<group>"; };
		81179E751DF4CFA8002F72ED /* crash1.mp3 */ = {isa = PBXFileReference; lastKnownFileType = audio.mp3; path = crash1.mp3; sourceTree = "<group>"; };
		81179E761DF4CFA8002F72ED /* Doggiek.mp3 */ = {isa = PBXFileReference; lastKnownFileType = audio.mp3; path = Doggiek.mp3; sourceTree = "<group>"; };
		81179E771DF4CFA8002F72ED /* explore_clap.mp3 */ = {isa = PBXFileReference; lastKnownFileType = audio.mp3; path = explore_clap.mp3; sourceTree = "<group>"; };
		81179E781DF4CFA8002F72ED /* explore_fx.mp3 */ = {isa = PBXFileReference; lastKnownFileType = audio.mp3; path = explore_fx.mp3; sourceTree = "<group>"; };
		81179E791DF4CFA8002F72ED /* explore_kick_1.mp3 */ = {isa = PBXFileReference; lastKnownFileType = audio.mp3; path = explore_kick_1.mp3; sourceTree = "<group>"; };
		81179E7A1DF4CFA8002F72ED /* explore_kick_2.mp3 */ = {isa = PBXFileReference; lastKnownFileType = audio.mp3; path = explore_kick_2.mp3; sourceTree = "<group>"; };
		81179E7B1DF4CFA8002F72ED /* explore_kick_3.mp3 */ = {isa = PBXFileReference; lastKnownFileType = audio.mp3; path = explore_kick_3.mp3; sourceTree = "<group>"; };
		81179E7C1DF4CFA8002F72ED /* explore_perc.mp3 */ = {isa = PBXFileReference; lastKnownFileType = audio.mp3; path = explore_perc.mp3; sourceTree = "<group>"; };
		81179E7D1DF4CFA8002F72ED /* explore_snap1.mp3 */ = {isa = PBXFileReference; lastKnownFileType = audio.mp3; path = explore_snap1.mp3; sourceTree = "<group>"; };
		81179E7E1DF4CFA8002F72ED /* explore_snap2.mp3 */ = {isa = PBXFileReference; lastKnownFileType = audio.mp3; path = explore_snap2.mp3; sourceTree = "<group>"; };
		81179E7F1DF4CFA8002F72ED /* explore_snare1.mp3 */ = {isa = PBXFileReference; lastKnownFileType = audio.mp3; path = explore_snare1.mp3; sourceTree = "<group>"; };
		81179E801DF4CFA8002F72ED /* explore_snare2.mp3 */ = {isa = PBXFileReference; lastKnownFileType = audio.mp3; path = explore_snare2.mp3; sourceTree = "<group>"; };
		81179E811DF4CFA8002F72ED /* explore_snare3.mp3 */ = {isa = PBXFileReference; lastKnownFileType = audio.mp3; path = explore_snare3.mp3; sourceTree = "<group>"; };
		81179E821DF4CFA8002F72ED /* fatkick.mp3 */ = {isa = PBXFileReference; lastKnownFileType = audio.mp3; path = fatkick.mp3; sourceTree = "<group>"; };
		81179E831DF4CFA8002F72ED /* FX9.mp3 */ = {isa = PBXFileReference; lastKnownFileType = audio.mp3; path = FX9.mp3; sourceTree = "<group>"; };
		81179E841DF4CFA8002F72ED /* Glitch_Hop_Kick05.mp3 */ = {isa = PBXFileReference; lastKnownFileType = audio.mp3; path = Glitch_Hop_Kick05.mp3; sourceTree = "<group>"; };
		81179E851DF4CFA8002F72ED /* haan.mp3 */ = {isa = PBXFileReference; lastKnownFileType = audio.mp3; path = haan.mp3; sourceTree = "<group>"; };
		81179E861DF4CFA8002F72ED /* hey.mp3 */ = {isa = PBXFileReference; lastKnownFileType = audio.mp3; path = hey.mp3; sourceTree = "<group>"; };
		81179E871DF4CFA8002F72ED /* hh1.mp3 */ = {isa = PBXFileReference; lastKnownFileType = audio.mp3; path = hh1.mp3; sourceTree = "<group>"; };
		81179E881DF4CFA8002F72ED /* hh2.mp3 */ = {isa = PBXFileReference; lastKnownFileType = audio.mp3; path = hh2.mp3; sourceTree = "<group>"; };
		81179E891DF4CFA8002F72ED /* hih1.mp3 */ = {isa = PBXFileReference; lastKnownFileType = audio.mp3; path = hih1.mp3; sourceTree = "<group>"; };
		81179E8A1DF4CFA8002F72ED /* hih2.mp3 */ = {isa = PBXFileReference; lastKnownFileType = audio.mp3; path = hih2.mp3; sourceTree = "<group>"; };
		81179E8B1DF4CFA8002F72ED /* ironside.mp3 */ = {isa = PBXFileReference; lastKnownFileType = audio.mp3; path = ironside.mp3; sourceTree = "<group>"; };
		81179E8C1DF4CFA8002F72ED /* milli.mp3 */ = {isa = PBXFileReference; lastKnownFileType = audio.mp3; path = milli.mp3; sourceTree = "<group>"; };
		81179E8D1DF4CFA8002F72ED /* montana.mp3 */ = {isa = PBXFileReference; lastKnownFileType = audio.mp3; path = montana.mp3; sourceTree = "<group>"; };
		81179E8E1DF4CFA8002F72ED /* Ohiokic.mp3 */ = {isa = PBXFileReference; lastKnownFileType = audio.mp3; path = Ohiokic.mp3; sourceTree = "<group>"; };
		81179E8F1DF4CFA8002F72ED /* Perfect.mp3 */ = {isa = PBXFileReference; lastKnownFileType = audio.mp3; path = Perfect.mp3; sourceTree = "<group>"; };
		81179E901DF4CFA8002F72ED /* s3.mp3 */ = {isa = PBXFileReference; lastKnownFileType = audio.mp3; path = s3.mp3; sourceTree = "<group>"; };
		81179E911DF4CFA8002F72ED /* shout.mp3 */ = {isa = PBXFileReference; lastKnownFileType = audio.mp3; path = shout.mp3; sourceTree = "<group>"; };
		81179E921DF4CFA8002F72ED /* Sound192.mp3 */ = {isa = PBXFileReference; lastKnownFileType = audio.mp3; path = Sound192.mp3; sourceTree = "<group>"; };
		81179E931DF4CFA8002F72ED /* tightsnare.mp3 */ = {isa = PBXFileReference; lastKnownFileType = audio.mp3; path = tightsnare.mp3; sourceTree = "<group>"; };
		81179E941DF4CFA8002F72ED /* zap1.mp3 */ = {isa = PBXFileReference; lastKnownFileType = audio.mp3; path = zap1.mp3; sourceTree = "<group>"; };
		8176F2631DECBEBA0057FF39 /* nine_1.app */ = {isa = PBXFileReference; explicitFileType = wrapper.application; includeInIndex = 0; path = nine_1.app; sourceTree = BUILT_PRODUCTS_DIR; };
		8176F2661DECBEBA0057FF39 /* AppDelegate.swift */ = {isa = PBXFileReference; lastKnownFileType = sourcecode.swift; path = AppDelegate.swift; sourceTree = "<group>"; };
		8176F2681DECBEBA0057FF39 /* FirstViewController.swift */ = {isa = PBXFileReference; lastKnownFileType = sourcecode.swift; path = FirstViewController.swift; sourceTree = "<group>"; };
		8176F26A1DECBEBA0057FF39 /* SecondViewController.swift */ = {isa = PBXFileReference; lastKnownFileType = sourcecode.swift; path = SecondViewController.swift; sourceTree = "<group>"; };
		8176F26D1DECBEBA0057FF39 /* Base */ = {isa = PBXFileReference; lastKnownFileType = file.storyboard; name = Base; path = Base.lproj/Main.storyboard; sourceTree = "<group>"; };
		8176F26F1DECBEBA0057FF39 /* Assets.xcassets */ = {isa = PBXFileReference; lastKnownFileType = folder.assetcatalog; path = Assets.xcassets; sourceTree = "<group>"; };
		8176F2721DECBEBA0057FF39 /* Base */ = {isa = PBXFileReference; lastKnownFileType = file.storyboard; name = Base; path = Base.lproj/LaunchScreen.storyboard; sourceTree = "<group>"; };
		8176F2741DECBEBA0057FF39 /* Info.plist */ = {isa = PBXFileReference; lastKnownFileType = text.plist.xml; path = Info.plist; sourceTree = "<group>"; };
		8176F27A1DECBEF30057FF39 /* Sound.swift */ = {isa = PBXFileReference; fileEncoding = 4; lastKnownFileType = sourcecode.swift; path = Sound.swift; sourceTree = "<group>"; };
		8176F27B1DECBEF30057FF39 /* SoundBoard.swift */ = {isa = PBXFileReference; fileEncoding = 4; lastKnownFileType = sourcecode.swift; path = SoundBoard.swift; sourceTree = "<group>"; };
		8185E8D41DF89B1A0041F46C /* SettingsViewController.swift */ = {isa = PBXFileReference; fileEncoding = 4; lastKnownFileType = sourcecode.swift; path = SettingsViewController.swift; sourceTree = "<group>"; };
		8185E8D61DF89ED70041F46C /* FXChain.swift */ = {isa = PBXFileReference; fileEncoding = 4; lastKnownFileType = sourcecode.swift; path = FXChain.swift; sourceTree = "<group>"; };
		81C58FC81DEF5549007C4C57 /* SoundListView.swift */ = {isa = PBXFileReference; fileEncoding = 4; lastKnownFileType = sourcecode.swift; path = SoundListView.swift; sourceTree = "<group>"; };
		B7F362241DFDC8ED00F692CB /* AudioKit.framework */ = {isa = PBXFileReference; lastKnownFileType = wrapper.framework; path = AudioKit.framework; sourceTree = "<group>"; };
		B7F362281DFDD82900F692CB /* CustomAudioPlayer.swift */ = {isa = PBXFileReference; fileEncoding = 4; lastKnownFileType = sourcecode.swift; path = CustomAudioPlayer.swift; sourceTree = "<group>"; };
/* End PBXFileReference section */

/* Begin PBXFrameworksBuildPhase section */
		8176F2601DECBEBA0057FF39 /* Frameworks */ = {
			isa = PBXFrameworksBuildPhase;
			buildActionMask = 2147483647;
			files = (
				B7F362251DFDC8ED00F692CB /* AudioKit.framework in Frameworks */,
			);
			runOnlyForDeploymentPostprocessing = 0;
		};
/* End PBXFrameworksBuildPhase section */

/* Begin PBXGroup section */
		8176F25A1DECBEBA0057FF39 = {
			isa = PBXGroup;
			children = (
				B7F362241DFDC8ED00F692CB /* AudioKit.framework */,
				8176F2891DECC20C0057FF39 /* Resources */,
				8176F2651DECBEBA0057FF39 /* nine_1 */,
				8176F2641DECBEBA0057FF39 /* Products */,
			);
			sourceTree = "<group>";
		};
		8176F2641DECBEBA0057FF39 /* Products */ = {
			isa = PBXGroup;
			children = (
				8176F2631DECBEBA0057FF39 /* nine_1.app */,
			);
			name = Products;
			sourceTree = "<group>";
		};
		8176F2651DECBEBA0057FF39 /* nine_1 */ = {
			isa = PBXGroup;
			children = (
				8176F2661DECBEBA0057FF39 /* AppDelegate.swift */,
				8176F2681DECBEBA0057FF39 /* FirstViewController.swift */,
				8176F26A1DECBEBA0057FF39 /* SecondViewController.swift */,
				8176F27A1DECBEF30057FF39 /* Sound.swift */,
				8176F27B1DECBEF30057FF39 /* SoundBoard.swift */,
				8176F26C1DECBEBA0057FF39 /* Main.storyboard */,
				8176F26F1DECBEBA0057FF39 /* Assets.xcassets */,
				8176F2711DECBEBA0057FF39 /* LaunchScreen.storyboard */,
				8176F2741DECBEBA0057FF39 /* Info.plist */,
				81C58FC81DEF5549007C4C57 /* SoundListView.swift */,
				8185E8D41DF89B1A0041F46C /* SettingsViewController.swift */,
				8185E8D61DF89ED70041F46C /* FXChain.swift */,
				B7F362281DFDD82900F692CB /* CustomAudioPlayer.swift */,
			);
			path = nine_1;
			sourceTree = "<group>";
		};
		8176F2891DECC20C0057FF39 /* Resources */ = {
			isa = PBXGroup;
			children = (
				81179E611DF4CF60002F72ED /* airhorn.mp3 */,
				81179E631DF4CF9E002F72ED /* (Kick) FSMH1.mp3 */,
				81179E641DF4CF9E002F72ED /* [Snr] BEAUTIFUL MORNIN.mp3 */,
				81179E651DF4CF9E002F72ED /* [VOX] BBB4U Quickie.mp3 */,
				81179E661DF4CF9E002F72ED /* 100.mp3 */,
				81179E671DF4CF9E002F72ED /* Air_funk.mp3 */,
				81179E6D1DF4CFA8002F72ED /* another-one.mp3 */,
				81179E6E1DF4CFA8002F72ED /* BALTIMOR.mp3 */,
				81179E6F1DF4CFA8002F72ED /* Caddy_ki.mp3 */,
				81179E701DF4CFA8002F72ED /* chop1.mp3 */,
				81179E711DF4CFA8002F72ED /* chop2.mp3 */,
				81179E721DF4CFA8002F72ED /* chop4.mp3 */,
				81179E731DF4CFA8002F72ED /* clap.mp3 */,
				81179E741DF4CFA8002F72ED /* crash.mp3 */,
				81179E751DF4CFA8002F72ED /* crash1.mp3 */,
				81179E761DF4CFA8002F72ED /* Doggiek.mp3 */,
				81179E771DF4CFA8002F72ED /* explore_clap.mp3 */,
				81179E781DF4CFA8002F72ED /* explore_fx.mp3 */,
				81179E791DF4CFA8002F72ED /* explore_kick_1.mp3 */,
				81179E7A1DF4CFA8002F72ED /* explore_kick_2.mp3 */,
				81179E7B1DF4CFA8002F72ED /* explore_kick_3.mp3 */,
				81179E7C1DF4CFA8002F72ED /* explore_perc.mp3 */,
				81179E7D1DF4CFA8002F72ED /* explore_snap1.mp3 */,
				81179E7E1DF4CFA8002F72ED /* explore_snap2.mp3 */,
				81179E7F1DF4CFA8002F72ED /* explore_snare1.mp3 */,
				81179E801DF4CFA8002F72ED /* explore_snare2.mp3 */,
				81179E811DF4CFA8002F72ED /* explore_snare3.mp3 */,
				81179E821DF4CFA8002F72ED /* fatkick.mp3 */,
				81179E831DF4CFA8002F72ED /* FX9.mp3 */,
				81179E841DF4CFA8002F72ED /* Glitch_Hop_Kick05.mp3 */,
				81179E851DF4CFA8002F72ED /* haan.mp3 */,
				81179E861DF4CFA8002F72ED /* hey.mp3 */,
				81179E871DF4CFA8002F72ED /* hh1.mp3 */,
				81179E881DF4CFA8002F72ED /* hh2.mp3 */,
				81179E891DF4CFA8002F72ED /* hih1.mp3 */,
				81179E8A1DF4CFA8002F72ED /* hih2.mp3 */,
				81179E8B1DF4CFA8002F72ED /* ironside.mp3 */,
				81179E8C1DF4CFA8002F72ED /* milli.mp3 */,
				81179E8D1DF4CFA8002F72ED /* montana.mp3 */,
				81179E8E1DF4CFA8002F72ED /* Ohiokic.mp3 */,
				81179E8F1DF4CFA8002F72ED /* Perfect.mp3 */,
				81179E901DF4CFA8002F72ED /* s3.mp3 */,
				81179E911DF4CFA8002F72ED /* shout.mp3 */,
				81179E921DF4CFA8002F72ED /* Sound192.mp3 */,
				81179E931DF4CFA8002F72ED /* tightsnare.mp3 */,
				81179E941DF4CFA8002F72ED /* zap1.mp3 */,
			);
			name = Resources;
			sourceTree = "<group>";
		};
/* End PBXGroup section */

/* Begin PBXNativeTarget section */
		8176F2621DECBEBA0057FF39 /* nine_1 */ = {
			isa = PBXNativeTarget;
			buildConfigurationList = 8176F2771DECBEBA0057FF39 /* Build configuration list for PBXNativeTarget "nine_1" */;
			buildPhases = (
				8176F25F1DECBEBA0057FF39 /* Sources */,
				8176F2601DECBEBA0057FF39 /* Frameworks */,
				8176F2611DECBEBA0057FF39 /* Resources */,
				B7F362271DFDC8ED00F692CB /* Embed Frameworks */,
			);
			buildRules = (
			);
			dependencies = (
			);
			name = nine_1;
			productName = nine_1;
			productReference = 8176F2631DECBEBA0057FF39 /* nine_1.app */;
			productType = "com.apple.product-type.application";
		};
/* End PBXNativeTarget section */

/* Begin PBXProject section */
		8176F25B1DECBEBA0057FF39 /* Project object */ = {
			isa = PBXProject;
			attributes = {
				LastSwiftUpdateCheck = 0800;
				LastUpgradeCheck = 0810;
				ORGANIZATIONNAME = "Harrison Durant";
				TargetAttributes = {
					8176F2621DECBEBA0057FF39 = {
						CreatedOnToolsVersion = 8.0;
						DevelopmentTeam = SCE65LPVPK;
						ProvisioningStyle = Automatic;
					};
				};
			};
			buildConfigurationList = 8176F25E1DECBEBA0057FF39 /* Build configuration list for PBXProject "nine_1" */;
			compatibilityVersion = "Xcode 3.2";
			developmentRegion = English;
			hasScannedForEncodings = 0;
			knownRegions = (
				en,
				Base,
			);
			mainGroup = 8176F25A1DECBEBA0057FF39;
			productRefGroup = 8176F2641DECBEBA0057FF39 /* Products */;
			projectDirPath = "";
			projectRoot = "";
			targets = (
				8176F2621DECBEBA0057FF39 /* nine_1 */,
			);
		};
/* End PBXProject section */

/* Begin PBXResourcesBuildPhase section */
		8176F2611DECBEBA0057FF39 /* Resources */ = {
			isa = PBXResourcesBuildPhase;
			buildActionMask = 2147483647;
			files = (
				81179EAD1DF4CFA9002F72ED /* haan.mp3 in Resources */,
				81179EA01DF4CFA8002F72ED /* explore_fx.mp3 in Resources */,
				81179E9E1DF4CFA8002F72ED /* Doggiek.mp3 in Resources */,
				81179EA31DF4CFA8002F72ED /* explore_kick_3.mp3 in Resources */,
				8176F2731DECBEBA0057FF39 /* LaunchScreen.storyboard in Resources */,
				81179EB81DF4CFA9002F72ED /* s3.mp3 in Resources */,
				81179EBA1DF4CFA9002F72ED /* Sound192.mp3 in Resources */,
				81179EA81DF4CFA8002F72ED /* explore_snare2.mp3 in Resources */,
				81179E6A1DF4CF9E002F72ED /* [VOX] BBB4U Quickie.mp3 in Resources */,
				81179EB31DF4CFA9002F72ED /* ironside.mp3 in Resources */,
				81179E961DF4CFA8002F72ED /* BALTIMOR.mp3 in Resources */,
				8176F2701DECBEBA0057FF39 /* Assets.xcassets in Resources */,
				81179EAC1DF4CFA9002F72ED /* Glitch_Hop_Kick05.mp3 in Resources */,
				81179E981DF4CFA8002F72ED /* chop1.mp3 in Resources */,
				81179EA71DF4CFA8002F72ED /* explore_snare1.mp3 in Resources */,
				81179EA91DF4CFA8002F72ED /* explore_snare3.mp3 in Resources */,
				81179EA51DF4CFA8002F72ED /* explore_snap1.mp3 in Resources */,
				81179E681DF4CF9E002F72ED /* (Kick) FSMH1.mp3 in Resources */,
				81179E9B1DF4CFA8002F72ED /* clap.mp3 in Resources */,
				81179E9A1DF4CFA8002F72ED /* chop4.mp3 in Resources */,
				81179E621DF4CF60002F72ED /* airhorn.mp3 in Resources */,
				81179EBB1DF4CFA9002F72ED /* tightsnare.mp3 in Resources */,
				81179EAF1DF4CFA9002F72ED /* hh1.mp3 in Resources */,
				81179E971DF4CFA8002F72ED /* Caddy_ki.mp3 in Resources */,
				81179E9C1DF4CFA8002F72ED /* crash.mp3 in Resources */,
				81179EB41DF4CFA9002F72ED /* milli.mp3 in Resources */,
				81179E9F1DF4CFA8002F72ED /* explore_clap.mp3 in Resources */,
				81179EAA1DF4CFA9002F72ED /* fatkick.mp3 in Resources */,
				81179EB21DF4CFA9002F72ED /* hih2.mp3 in Resources */,
				81179EAE1DF4CFA9002F72ED /* hey.mp3 in Resources */,
				81179EBC1DF4CFA9002F72ED /* zap1.mp3 in Resources */,
				81179EB61DF4CFA9002F72ED /* Ohiokic.mp3 in Resources */,
				8176F26E1DECBEBA0057FF39 /* Main.storyboard in Resources */,
				81179E991DF4CFA8002F72ED /* chop2.mp3 in Resources */,
				81179EB71DF4CFA9002F72ED /* Perfect.mp3 in Resources */,
				81179E6C1DF4CF9E002F72ED /* Air_funk.mp3 in Resources */,
				81179E951DF4CFA8002F72ED /* another-one.mp3 in Resources */,
				81179EA11DF4CFA8002F72ED /* explore_kick_1.mp3 in Resources */,
				81179E6B1DF4CF9E002F72ED /* 100.mp3 in Resources */,
				81179E9D1DF4CFA8002F72ED /* crash1.mp3 in Resources */,
				81179E691DF4CF9E002F72ED /* [Snr] BEAUTIFUL MORNIN.mp3 in Resources */,
				81179EB51DF4CFA9002F72ED /* montana.mp3 in Resources */,
				81179EAB1DF4CFA9002F72ED /* FX9.mp3 in Resources */,
				81179EA21DF4CFA8002F72ED /* explore_kick_2.mp3 in Resources */,
				81179EA41DF4CFA8002F72ED /* explore_perc.mp3 in Resources */,
				81179EB91DF4CFA9002F72ED /* shout.mp3 in Resources */,
				81179EB01DF4CFA9002F72ED /* hh2.mp3 in Resources */,
				81179EB11DF4CFA9002F72ED /* hih1.mp3 in Resources */,
				81179EA61DF4CFA8002F72ED /* explore_snap2.mp3 in Resources */,
			);
			runOnlyForDeploymentPostprocessing = 0;
		};
/* End PBXResourcesBuildPhase section */

/* Begin PBXSourcesBuildPhase section */
		8176F25F1DECBEBA0057FF39 /* Sources */ = {
			isa = PBXSourcesBuildPhase;
			buildActionMask = 2147483647;
			files = (
				B7F362291DFDD82900F692CB /* CustomAudioPlayer.swift in Sources */,
				8176F26B1DECBEBA0057FF39 /* SecondViewController.swift in Sources */,
				8176F2671DECBEBA0057FF39 /* AppDelegate.swift in Sources */,
				8185E8D71DF89ED70041F46C /* FXChain.swift in Sources */,
				81C58FC91DEF5549007C4C57 /* SoundListView.swift in Sources */,
				8176F2691DECBEBA0057FF39 /* FirstViewController.swift in Sources */,
				8176F27D1DECBEF30057FF39 /* SoundBoard.swift in Sources */,
				8176F27C1DECBEF30057FF39 /* Sound.swift in Sources */,
				8185E8D51DF89B1A0041F46C /* SettingsViewController.swift in Sources */,
			);
			runOnlyForDeploymentPostprocessing = 0;
		};
/* End PBXSourcesBuildPhase section */

/* Begin PBXVariantGroup section */
		8176F26C1DECBEBA0057FF39 /* Main.storyboard */ = {
			isa = PBXVariantGroup;
			children = (
				8176F26D1DECBEBA0057FF39 /* Base */,
			);
			name = Main.storyboard;
			sourceTree = "<group>";
		};
		8176F2711DECBEBA0057FF39 /* LaunchScreen.storyboard */ = {
			isa = PBXVariantGroup;
			children = (
				8176F2721DECBEBA0057FF39 /* Base */,
			);
			name = LaunchScreen.storyboard;
			sourceTree = "<group>";
		};
/* End PBXVariantGroup section */

/* Begin XCBuildConfiguration section */
		8176F2751DECBEBA0057FF39 /* Debug */ = {
			isa = XCBuildConfiguration;
			buildSettings = {
				ALWAYS_SEARCH_USER_PATHS = NO;
				CLANG_ANALYZER_NONNULL = YES;
				CLANG_CXX_LANGUAGE_STANDARD = "gnu++0x";
				CLANG_CXX_LIBRARY = "libc++";
				CLANG_ENABLE_MODULES = YES;
				CLANG_ENABLE_OBJC_ARC = YES;
				CLANG_WARN_BOOL_CONVERSION = YES;
				CLANG_WARN_CONSTANT_CONVERSION = YES;
				CLANG_WARN_DIRECT_OBJC_ISA_USAGE = YES_ERROR;
				CLANG_WARN_DOCUMENTATION_COMMENTS = YES;
				CLANG_WARN_EMPTY_BODY = YES;
				CLANG_WARN_ENUM_CONVERSION = YES;
				CLANG_WARN_INFINITE_RECURSION = YES;
				CLANG_WARN_INT_CONVERSION = YES;
				CLANG_WARN_OBJC_ROOT_CLASS = YES_ERROR;
				CLANG_WARN_SUSPICIOUS_MOVE = YES;
				CLANG_WARN_SUSPICIOUS_MOVES = YES;
				CLANG_WARN_UNREACHABLE_CODE = YES;
				CLANG_WARN__DUPLICATE_METHOD_MATCH = YES;
				"CODE_SIGN_IDENTITY[sdk=iphoneos*]" = "iPhone Developer";
				COPY_PHASE_STRIP = NO;
				DEBUG_INFORMATION_FORMAT = dwarf;
				ENABLE_STRICT_OBJC_MSGSEND = YES;
				ENABLE_TESTABILITY = YES;
				GCC_C_LANGUAGE_STANDARD = gnu99;
				GCC_DYNAMIC_NO_PIC = NO;
				GCC_NO_COMMON_BLOCKS = YES;
				GCC_OPTIMIZATION_LEVEL = 0;
				GCC_PREPROCESSOR_DEFINITIONS = (
					"DEBUG=1",
					"$(inherited)",
				);
				GCC_WARN_64_TO_32_BIT_CONVERSION = YES;
				GCC_WARN_ABOUT_RETURN_TYPE = YES_ERROR;
				GCC_WARN_UNDECLARED_SELECTOR = YES;
				GCC_WARN_UNINITIALIZED_AUTOS = YES_AGGRESSIVE;
				GCC_WARN_UNUSED_FUNCTION = YES;
				GCC_WARN_UNUSED_VARIABLE = YES;
				IPHONEOS_DEPLOYMENT_TARGET = 10.1;
				MTL_ENABLE_DEBUG_INFO = YES;
				ONLY_ACTIVE_ARCH = YES;
				SDKROOT = iphoneos;
				SWIFT_ACTIVE_COMPILATION_CONDITIONS = DEBUG;
				SWIFT_OPTIMIZATION_LEVEL = "-Onone";
				TARGETED_DEVICE_FAMILY = "1,2";
			};
			name = Debug;
		};
		8176F2761DECBEBA0057FF39 /* Release */ = {
			isa = XCBuildConfiguration;
			buildSettings = {
				ALWAYS_SEARCH_USER_PATHS = NO;
				CLANG_ANALYZER_NONNULL = YES;
				CLANG_CXX_LANGUAGE_STANDARD = "gnu++0x";
				CLANG_CXX_LIBRARY = "libc++";
				CLANG_ENABLE_MODULES = YES;
				CLANG_ENABLE_OBJC_ARC = YES;
				CLANG_WARN_BOOL_CONVERSION = YES;
				CLANG_WARN_CONSTANT_CONVERSION = YES;
				CLANG_WARN_DIRECT_OBJC_ISA_USAGE = YES_ERROR;
				CLANG_WARN_DOCUMENTATION_COMMENTS = YES;
				CLANG_WARN_EMPTY_BODY = YES;
				CLANG_WARN_ENUM_CONVERSION = YES;
				CLANG_WARN_INFINITE_RECURSION = YES;
				CLANG_WARN_INT_CONVERSION = YES;
				CLANG_WARN_OBJC_ROOT_CLASS = YES_ERROR;
				CLANG_WARN_SUSPICIOUS_MOVE = YES;
				CLANG_WARN_SUSPICIOUS_MOVES = YES;
				CLANG_WARN_UNREACHABLE_CODE = YES;
				CLANG_WARN__DUPLICATE_METHOD_MATCH = YES;
				"CODE_SIGN_IDENTITY[sdk=iphoneos*]" = "iPhone Developer";
				COPY_PHASE_STRIP = NO;
				DEBUG_INFORMATION_FORMAT = "dwarf-with-dsym";
				ENABLE_NS_ASSERTIONS = NO;
				ENABLE_STRICT_OBJC_MSGSEND = YES;
				GCC_C_LANGUAGE_STANDARD = gnu99;
				GCC_NO_COMMON_BLOCKS = YES;
				GCC_WARN_64_TO_32_BIT_CONVERSION = YES;
				GCC_WARN_ABOUT_RETURN_TYPE = YES_ERROR;
				GCC_WARN_UNDECLARED_SELECTOR = YES;
				GCC_WARN_UNINITIALIZED_AUTOS = YES_AGGRESSIVE;
				GCC_WARN_UNUSED_FUNCTION = YES;
				GCC_WARN_UNUSED_VARIABLE = YES;
				IPHONEOS_DEPLOYMENT_TARGET = 10.1;
				MTL_ENABLE_DEBUG_INFO = NO;
				SDKROOT = iphoneos;
				SWIFT_OPTIMIZATION_LEVEL = "-Owholemodule";
				TARGETED_DEVICE_FAMILY = "1,2";
				VALIDATE_PRODUCT = YES;
			};
			name = Release;
		};
		8176F2781DECBEBA0057FF39 /* Debug */ = {
			isa = XCBuildConfiguration;
			buildSettings = {
				ASSETCATALOG_COMPILER_APPICON_NAME = AppIcon;
				DEVELOPMENT_TEAM = SCE65LPVPK;
				FRAMEWORK_SEARCH_PATHS = (
					/Users/hdurant2/Desktop/nine_1/,
					"$(PROJECT_DIR)",
				);
				INFOPLIST_FILE = nine_1/Info.plist;
				LD_RUNPATH_SEARCH_PATHS = "$(inherited) @executable_path/Frameworks";
				PRODUCT_BUNDLE_IDENTIFIER = edu.elon.cs.nine;
				PRODUCT_NAME = "$(TARGET_NAME)";
				SWIFT_VERSION = 3.0;
			};
			name = Debug;
		};
		8176F2791DECBEBA0057FF39 /* Release */ = {
			isa = XCBuildConfiguration;
			buildSettings = {
				ASSETCATALOG_COMPILER_APPICON_NAME = AppIcon;
				DEVELOPMENT_TEAM = SCE65LPVPK;
				FRAMEWORK_SEARCH_PATHS = (
					/Users/hdurant2/Desktop/nine_1/,
					"$(PROJECT_DIR)",
				);
				INFOPLIST_FILE = nine_1/Info.plist;
				LD_RUNPATH_SEARCH_PATHS = "$(inherited) @executable_path/Frameworks";
				PRODUCT_BUNDLE_IDENTIFIER = edu.elon.cs.nine;
				PRODUCT_NAME = "$(TARGET_NAME)";
				SWIFT_VERSION = 3.0;
			};
			name = Release;
		};
/* End XCBuildConfiguration section */

/* Begin XCConfigurationList section */
		8176F25E1DECBEBA0057FF39 /* Build configuration list for PBXProject "nine_1" */ = {
			isa = XCConfigurationList;
			buildConfigurations = (
				8176F2751DECBEBA0057FF39 /* Debug */,
				8176F2761DECBEBA0057FF39 /* Release */,
			);
			defaultConfigurationIsVisible = 0;
			defaultConfigurationName = Release;
		};
		8176F2771DECBEBA0057FF39 /* Build configuration list for PBXNativeTarget "nine_1" */ = {
			isa = XCConfigurationList;
			buildConfigurations = (
				8176F2781DECBEBA0057FF39 /* Debug */,
				8176F2791DECBEBA0057FF39 /* Release */,
			);
			defaultConfigurationIsVisible = 0;
			defaultConfigurationName = Release;
		};
/* End XCConfigurationList section */
	};
	rootObject = 8176F25B1DECBEBA0057FF39 /* Project object */;
}
